
Microsoft Visual Studio Solution File, Format Version 12.00
# Visual Studio Version 16
VisualStudioVersion = 16.0.29215.179
MinimumVisualStudioVersion = 10.0.40219.1
Project("{9A19103F-16F7-4668-BE54-9A1E7A4F7556}") = "Assignment_4", "Assignment_4.csproj", "{8682BB58-9A3E-4D7E-B447-67BF65A9A206}"
EndProject
Global
	GlobalSection(SolutionConfigurationPlatforms) = preSolution
		Debug|Any CPU = Debug|Any CPU
		Release|Any CPU = Release|Any CPU
	EndGlobalSection
	GlobalSection(ProjectConfigurationPlatforms) = postSolution
		{8682BB58-9A3E-4D7E-B447-67BF65A9A206}.Debug|Any CPU.ActiveCfg = Debug|Any CPU
		{8682BB58-9A3E-4D7E-B447-67BF65A9A206}.Debug|Any CPU.Build.0 = Debug|Any CPU
		{8682BB58-9A3E-4D7E-B447-67BF65A9A206}.Release|Any CPU.ActiveCfg = Release|Any CPU
		{8682BB58-9A3E-4D7E-B447-67BF65A9A206}.Release|Any CPU.Build.0 = Release|Any CPU
	EndGlobalSection
	GlobalSection(SolutionProperties) = preSolution
		HideSolutionNode = FALSE
	EndGlobalSection
	GlobalSection(ExtensibilityGlobals) = postSolution
		SolutionGuid = {6AFC2ADD-D3B4-45BD-923D-D0041AC2385D}
	EndGlobalSection
EndGlobal
